
Microsoft Visual Studio Solution File, Format Version 12.00
# Visual Studio Version 17
VisualStudioVersion = 17.1.32210.238
MinimumVisualStudioVersion = 10.0.40219.1
Project("{FAE04EC0-301F-11D3-BF4B-00C04F79EFBC}") = "TestTaskForSmartWay", "TestTaskForSmartWay\TestTaskForSmartWay.csproj", "{DA790F8D-9C47-49C0-8C9A-BD07DA63D7B5}"
EndProject
Project("{FAE04EC0-301F-11D3-BF4B-00C04F79EFBC}") = "Services", "Services\Services.csproj", "{F6A49C0D-5DF8-4FA3-B1B2-DE0E6D82E8E4}"
EndProject
Project("{FAE04EC0-301F-11D3-BF4B-00C04F79EFBC}") = "Domains", "Domains\Domains.csproj", "{E43A8A8C-E589-46C9-B066-C8BF29BF71C0}"
EndProject
Project("{FAE04EC0-301F-11D3-BF4B-00C04F79EFBC}") = "DataAccess", "DataAccess\DataAccess.csproj", "{9224B30C-91F7-44D1-9B20-6294D34DA8CA}"
EndProject
Global
	GlobalSection(SolutionConfigurationPlatforms) = preSolution
		Debug|Any CPU = Debug|Any CPU
		Release|Any CPU = Release|Any CPU
	EndGlobalSection
	GlobalSection(ProjectConfigurationPlatforms) = postSolution
		{DA790F8D-9C47-49C0-8C9A-BD07DA63D7B5}.Debug|Any CPU.ActiveCfg = Debug|Any CPU
		{DA790F8D-9C47-49C0-8C9A-BD07DA63D7B5}.Debug|Any CPU.Build.0 = Debug|Any CPU
		{DA790F8D-9C47-49C0-8C9A-BD07DA63D7B5}.Release|Any CPU.ActiveCfg = Release|Any CPU
		{DA790F8D-9C47-49C0-8C9A-BD07DA63D7B5}.Release|Any CPU.Build.0 = Release|Any CPU
		{F6A49C0D-5DF8-4FA3-B1B2-DE0E6D82E8E4}.Debug|Any CPU.ActiveCfg = Debug|Any CPU
		{F6A49C0D-5DF8-4FA3-B1B2-DE0E6D82E8E4}.Debug|Any CPU.Build.0 = Debug|Any CPU
		{F6A49C0D-5DF8-4FA3-B1B2-DE0E6D82E8E4}.Release|Any CPU.ActiveCfg = Release|Any CPU
		{F6A49C0D-5DF8-4FA3-B1B2-DE0E6D82E8E4}.Release|Any CPU.Build.0 = Release|Any CPU
		{E43A8A8C-E589-46C9-B066-C8BF29BF71C0}.Debug|Any CPU.ActiveCfg = Debug|Any CPU
		{E43A8A8C-E589-46C9-B066-C8BF29BF71C0}.Debug|Any CPU.Build.0 = Debug|Any CPU
		{E43A8A8C-E589-46C9-B066-C8BF29BF71C0}.Release|Any CPU.ActiveCfg = Release|Any CPU
		{E43A8A8C-E589-46C9-B066-C8BF29BF71C0}.Release|Any CPU.Build.0 = Release|Any CPU
		{9224B30C-91F7-44D1-9B20-6294D34DA8CA}.Debug|Any CPU.ActiveCfg = Debug|Any CPU
		{9224B30C-91F7-44D1-9B20-6294D34DA8CA}.Debug|Any CPU.Build.0 = Debug|Any CPU
		{9224B30C-91F7-44D1-9B20-6294D34DA8CA}.Release|Any CPU.ActiveCfg = Release|Any CPU
		{9224B30C-91F7-44D1-9B20-6294D34DA8CA}.Release|Any CPU.Build.0 = Release|Any CPU
	EndGlobalSection
	GlobalSection(SolutionProperties) = preSolution
		HideSolutionNode = FALSE
	EndGlobalSection
	GlobalSection(ExtensibilityGlobals) = postSolution
		SolutionGuid = {53D9478C-32A5-4BBB-AEF9-38D34DE6A182}
	EndGlobalSection
EndGlobal
