
Microsoft Visual Studio Solution File, Format Version 12.00
# Visual Studio Version 17
VisualStudioVersion = 17.1.32210.238
MinimumVisualStudioVersion = 10.0.40219.1
Project("{9A19103F-16F7-4668-BE54-9A1E7A4F7556}") = "TestTaskForSmartWay", "TestTaskForSmartWay\TestTaskForSmartWay.csproj", "{DA790F8D-9C47-49C0-8C9A-BD07DA63D7B5}"
EndProject
Project("{9A19103F-16F7-4668-BE54-9A1E7A4F7556}") = "DataAccessLayer", "DataAccessLayer\DataAccessLayer.csproj", "{0D850278-0649-473A-9A4D-17AB3E5B9B66}"
EndProject
Project("{9A19103F-16F7-4668-BE54-9A1E7A4F7556}") = "BusinessLogicLayer", "BusinessLogicLayer\BusinessLogicLayer.csproj", "{63B7947C-C2B0-44DA-9A8D-923E26A529CB}"
EndProject
Global
	GlobalSection(SolutionConfigurationPlatforms) = preSolution
		Debug|Any CPU = Debug|Any CPU
		Release|Any CPU = Release|Any CPU
	EndGlobalSection
	GlobalSection(ProjectConfigurationPlatforms) = postSolution
		{DA790F8D-9C47-49C0-8C9A-BD07DA63D7B5}.Debug|Any CPU.ActiveCfg = Debug|Any CPU
		{DA790F8D-9C47-49C0-8C9A-BD07DA63D7B5}.Debug|Any CPU.Build.0 = Debug|Any CPU
		{DA790F8D-9C47-49C0-8C9A-BD07DA63D7B5}.Release|Any CPU.ActiveCfg = Release|Any CPU
		{DA790F8D-9C47-49C0-8C9A-BD07DA63D7B5}.Release|Any CPU.Build.0 = Release|Any CPU
		{0D850278-0649-473A-9A4D-17AB3E5B9B66}.Debug|Any CPU.ActiveCfg = Debug|Any CPU
		{0D850278-0649-473A-9A4D-17AB3E5B9B66}.Debug|Any CPU.Build.0 = Debug|Any CPU
		{0D850278-0649-473A-9A4D-17AB3E5B9B66}.Release|Any CPU.ActiveCfg = Release|Any CPU
		{0D850278-0649-473A-9A4D-17AB3E5B9B66}.Release|Any CPU.Build.0 = Release|Any CPU
		{63B7947C-C2B0-44DA-9A8D-923E26A529CB}.Debug|Any CPU.ActiveCfg = Debug|Any CPU
		{63B7947C-C2B0-44DA-9A8D-923E26A529CB}.Debug|Any CPU.Build.0 = Debug|Any CPU
		{63B7947C-C2B0-44DA-9A8D-923E26A529CB}.Release|Any CPU.ActiveCfg = Release|Any CPU
		{63B7947C-C2B0-44DA-9A8D-923E26A529CB}.Release|Any CPU.Build.0 = Release|Any CPU
	EndGlobalSection
	GlobalSection(SolutionProperties) = preSolution
		HideSolutionNode = FALSE
	EndGlobalSection
	GlobalSection(ExtensibilityGlobals) = postSolution
		SolutionGuid = {53D9478C-32A5-4BBB-AEF9-38D34DE6A182}
	EndGlobalSection
EndGlobal
